
Microsoft Visual Studio Solution File, Format Version 12.00
# Visual Studio 14
VisualStudioVersion = 14.0.25420.1
MinimumVisualStudioVersion = 10.0.40219.1
Project("{E24C65DC-7377-472B-9ABA-BC803B73C61A}") = "weichat", "E:\Code\Weichat\weichat\", "{0486D5B8-ED89-43F2-8FFB-84CD6A28F841}"
	ProjectSection(WebsiteProperties) = preProject
		TargetFrameworkMoniker = ".NETFramework,Version%3Dv4.5.2"
		Debug.AspNetCompiler.VirtualPath = "/localhost_26318"
		Debug.AspNetCompiler.PhysicalPath = "E:\Code\Weichat\weichat\"
		Debug.AspNetCompiler.TargetPath = "PrecompiledWeb\localhost_26318\"
		Debug.AspNetCompiler.Updateable = "true"
		Debug.AspNetCompiler.ForceOverwrite = "true"
		Debug.AspNetCompiler.FixedNames = "false"
		Debug.AspNetCompiler.Debug = "True"
		Release.AspNetCompiler.VirtualPath = "/localhost_26318"
		Release.AspNetCompiler.PhysicalPath = "E:\Code\Weichat\weichat\"
		Release.AspNetCompiler.TargetPath = "PrecompiledWeb\localhost_26318\"
		Release.AspNetCompiler.Updateable = "true"
		Release.AspNetCompiler.ForceOverwrite = "true"
		Release.AspNetCompiler.FixedNames = "false"
		Release.AspNetCompiler.Debug = "False"
		VWDPort = "26318"
		SlnRelativePath = "E:\Code\Weichat\weichat\"
		DefaultWebSiteLanguage = "Visual C#"
	EndProjectSection
EndProject
Global
	GlobalSection(SolutionConfigurationPlatforms) = preSolution
		Debug|Any CPU = Debug|Any CPU
	EndGlobalSection
	GlobalSection(ProjectConfigurationPlatforms) = postSolution
		{0486D5B8-ED89-43F2-8FFB-84CD6A28F841}.Debug|Any CPU.ActiveCfg = Debug|Any CPU
		{0486D5B8-ED89-43F2-8FFB-84CD6A28F841}.Debug|Any CPU.Build.0 = Debug|Any CPU
	EndGlobalSection
	GlobalSection(SolutionProperties) = preSolution
		HideSolutionNode = FALSE
	EndGlobalSection
EndGlobal
